
Microsoft Visual Studio Solution File, Format Version 12.00
# Visual Studio Version 16
VisualStudioVersion = 16.0.30503.244
MinimumVisualStudioVersion = 10.0.40219.1
Project("{9A19103F-16F7-4668-BE54-9A1E7A4F7556}") = "Generique", "Generique\Generique.csproj", "{754A7697-3A62-49C4-ADCD-037B8E08B31B}"
EndProject
Project("{9A19103F-16F7-4668-BE54-9A1E7A4F7556}") = "Generique_Tp_ListeChainee", "Generique_Tp_ListeChainee\Generique_Tp_ListeChainee.csproj", "{2D9E3352-B235-4D29-8717-C469752C05FC}"
EndProject
Project("{9A19103F-16F7-4668-BE54-9A1E7A4F7556}") = "Delegate", "Delegate_Lambda\Delegate.csproj", "{D5455601-95AB-4CAB-9AC4-E9E86E9873B1}"
EndProject
Project("{9A19103F-16F7-4668-BE54-9A1E7A4F7556}") = "Exceptions", "Exceptions\Exceptions.csproj", "{C998F1C2-CE92-44B1-87D9-24E2390A2E2E}"
EndProject
Project("{FAE04EC0-301F-11D3-BF4B-00C04F79EFBC}") = "ClassLibrary", "ClassLibrary\ClassLibrary.csproj", "{D4236743-8159-4D3A-AC48-686482E6ED17}"
EndProject
Project("{FAE04EC0-301F-11D3-BF4B-00C04F79EFBC}") = "ClassLibraryUser", "ClassLibraryUser\ClassLibraryUser.csproj", "{6B1372B0-6683-47CB-B0EE-FC18E6375AEA}"
EndProject
Global
	GlobalSection(SolutionConfigurationPlatforms) = preSolution
		Debug|Any CPU = Debug|Any CPU
		Release|Any CPU = Release|Any CPU
	EndGlobalSection
	GlobalSection(ProjectConfigurationPlatforms) = postSolution
		{754A7697-3A62-49C4-ADCD-037B8E08B31B}.Debug|Any CPU.ActiveCfg = Debug|Any CPU
		{754A7697-3A62-49C4-ADCD-037B8E08B31B}.Debug|Any CPU.Build.0 = Debug|Any CPU
		{754A7697-3A62-49C4-ADCD-037B8E08B31B}.Release|Any CPU.ActiveCfg = Release|Any CPU
		{754A7697-3A62-49C4-ADCD-037B8E08B31B}.Release|Any CPU.Build.0 = Release|Any CPU
		{2D9E3352-B235-4D29-8717-C469752C05FC}.Debug|Any CPU.ActiveCfg = Debug|Any CPU
		{2D9E3352-B235-4D29-8717-C469752C05FC}.Debug|Any CPU.Build.0 = Debug|Any CPU
		{2D9E3352-B235-4D29-8717-C469752C05FC}.Release|Any CPU.ActiveCfg = Release|Any CPU
		{2D9E3352-B235-4D29-8717-C469752C05FC}.Release|Any CPU.Build.0 = Release|Any CPU
		{D5455601-95AB-4CAB-9AC4-E9E86E9873B1}.Debug|Any CPU.ActiveCfg = Debug|Any CPU
		{D5455601-95AB-4CAB-9AC4-E9E86E9873B1}.Debug|Any CPU.Build.0 = Debug|Any CPU
		{D5455601-95AB-4CAB-9AC4-E9E86E9873B1}.Release|Any CPU.ActiveCfg = Release|Any CPU
		{D5455601-95AB-4CAB-9AC4-E9E86E9873B1}.Release|Any CPU.Build.0 = Release|Any CPU
		{C998F1C2-CE92-44B1-87D9-24E2390A2E2E}.Debug|Any CPU.ActiveCfg = Debug|Any CPU
		{C998F1C2-CE92-44B1-87D9-24E2390A2E2E}.Debug|Any CPU.Build.0 = Debug|Any CPU
		{C998F1C2-CE92-44B1-87D9-24E2390A2E2E}.Release|Any CPU.ActiveCfg = Release|Any CPU
		{C998F1C2-CE92-44B1-87D9-24E2390A2E2E}.Release|Any CPU.Build.0 = Release|Any CPU
		{D4236743-8159-4D3A-AC48-686482E6ED17}.Debug|Any CPU.ActiveCfg = Debug|Any CPU
		{D4236743-8159-4D3A-AC48-686482E6ED17}.Debug|Any CPU.Build.0 = Debug|Any CPU
		{D4236743-8159-4D3A-AC48-686482E6ED17}.Release|Any CPU.ActiveCfg = Release|Any CPU
		{D4236743-8159-4D3A-AC48-686482E6ED17}.Release|Any CPU.Build.0 = Release|Any CPU
		{6B1372B0-6683-47CB-B0EE-FC18E6375AEA}.Debug|Any CPU.ActiveCfg = Debug|Any CPU
		{6B1372B0-6683-47CB-B0EE-FC18E6375AEA}.Debug|Any CPU.Build.0 = Debug|Any CPU
		{6B1372B0-6683-47CB-B0EE-FC18E6375AEA}.Release|Any CPU.ActiveCfg = Release|Any CPU
		{6B1372B0-6683-47CB-B0EE-FC18E6375AEA}.Release|Any CPU.Build.0 = Release|Any CPU
	EndGlobalSection
	GlobalSection(SolutionProperties) = preSolution
		HideSolutionNode = FALSE
	EndGlobalSection
	GlobalSection(ExtensibilityGlobals) = postSolution
		SolutionGuid = {4286EA1F-7861-45DA-86FD-41613419E6DC}
	EndGlobalSection
EndGlobal
